
Microsoft Visual Studio Solution File, Format Version 12.00
# Visual Studio Version 16
VisualStudioVersion = 16.0.29709.97
MinimumVisualStudioVersion = 10.0.40219.1
Project("{FAE04EC0-301F-11D3-BF4B-00C04F79EFBC}") = "01", "01.csproj", "{BDA876C7-318C-4BF5-81CB-E913BC3B93C7}"
EndProject
Global
	GlobalSection(SolutionConfigurationPlatforms) = preSolution
		Debug|Any CPU = Debug|Any CPU
		Release|Any CPU = Release|Any CPU
	EndGlobalSection
	GlobalSection(ProjectConfigurationPlatforms) = postSolution
		{BDA876C7-318C-4BF5-81CB-E913BC3B93C7}.Debug|Any CPU.ActiveCfg = Debug|Any CPU
		{BDA876C7-318C-4BF5-81CB-E913BC3B93C7}.Debug|Any CPU.Build.0 = Debug|Any CPU
		{BDA876C7-318C-4BF5-81CB-E913BC3B93C7}.Release|Any CPU.ActiveCfg = Release|Any CPU
		{BDA876C7-318C-4BF5-81CB-E913BC3B93C7}.Release|Any CPU.Build.0 = Release|Any CPU
	EndGlobalSection
	GlobalSection(SolutionProperties) = preSolution
		HideSolutionNode = FALSE
	EndGlobalSection
	GlobalSection(ExtensibilityGlobals) = postSolution
		SolutionGuid = {D0964D0D-C92D-4B2B-84FE-C28380A7603A}
	EndGlobalSection
EndGlobal
